// !$*UTF8*$!
{
	archiveVersion = 1;
	classes = {
	};
	objectVersion = 50;
	objects = {

/* Begin PBXBuildFile section */
		F40A9032278BE42100104F78 /* NewsViewModel.swift in Sources */ = {isa = PBXBuildFile; fileRef = F40A9031278BE42100104F78 /* NewsViewModel.swift */; };
		F40A9038278BE9E400104F78 /* NewsTableViewCell.swift in Sources */ = {isa = PBXBuildFile; fileRef = F40A9037278BE9E400104F78 /* NewsTableViewCell.swift */; };
		F4B1E98F278BDFB200190607 /* AppDelegate.swift in Sources */ = {isa = PBXBuildFile; fileRef = F4B1E98E278BDFB200190607 /* AppDelegate.swift */; };
		F4B1E991278BDFB200190607 /* SceneDelegate.swift in Sources */ = {isa = PBXBuildFile; fileRef = F4B1E990278BDFB200190607 /* SceneDelegate.swift */; };
		F4B1E993278BDFB200190607 /* ViewController.swift in Sources */ = {isa = PBXBuildFile; fileRef = F4B1E992278BDFB200190607 /* ViewController.swift */; };
		F4B1E996278BDFB200190607 /* Main.storyboard in Resources */ = {isa = PBXBuildFile; fileRef = F4B1E994278BDFB200190607 /* Main.storyboard */; };
		F4B1E998278BDFB300190607 /* Assets.xcassets in Resources */ = {isa = PBXBuildFile; fileRef = F4B1E997278BDFB300190607 /* Assets.xcassets */; };
		F4B1E99B278BDFB300190607 /* LaunchScreen.storyboard in Resources */ = {isa = PBXBuildFile; fileRef = F4B1E999278BDFB300190607 /* LaunchScreen.storyboard */; };
		F4B1E9A6278BDFB300190607 /* NewsListMVVMTests.swift in Sources */ = {isa = PBXBuildFile; fileRef = F4B1E9A5278BDFB300190607 /* NewsListMVVMTests.swift */; };
		F4B1E9B1278BDFB300190607 /* NewsListMVVMUITests.swift in Sources */ = {isa = PBXBuildFile; fileRef = F4B1E9B0278BDFB300190607 /* NewsListMVVMUITests.swift */; };
		F4B1E9C5278BE0EC00190607 /* WebServices.swift in Sources */ = {isa = PBXBuildFile; fileRef = F4B1E9C4278BE0EC00190607 /* WebServices.swift */; };
		F4B1E9CD278BE1A900190607 /* NewsModel.swift in Sources */ = {isa = PBXBuildFile; fileRef = F4B1E9CC278BE1A900190607 /* NewsModel.swift */; };
/* End PBXBuildFile section */

/* Begin PBXContainerItemProxy section */
		F4B1E9A2278BDFB300190607 /* PBXContainerItemProxy */ = {
			isa = PBXContainerItemProxy;
			containerPortal = F4B1E983278BDFB200190607 /* Project object */;
			proxyType = 1;
			remoteGlobalIDString = F4B1E98A278BDFB200190607;
			remoteInfo = NewsListMVVM;
		};
		F4B1E9AD278BDFB300190607 /* PBXContainerItemProxy */ = {
			isa = PBXContainerItemProxy;
			containerPortal = F4B1E983278BDFB200190607 /* Project object */;
			proxyType = 1;
			remoteGlobalIDString = F4B1E98A278BDFB200190607;
			remoteInfo = NewsListMVVM;
		};
/* End PBXContainerItemProxy section */

/* Begin PBXFileReference section */
		F40A9031278BE42100104F78 /* NewsViewModel.swift */ = {isa = PBXFileReference; lastKnownFileType = sourcecode.swift; path = NewsViewModel.swift; sourceTree = "<group>"; };
		F40A9037278BE9E400104F78 /* NewsTableViewCell.swift */ = {isa = PBXFileReference; lastKnownFileType = sourcecode.swift; path = NewsTableViewCell.swift; sourceTree = "<group>"; };
		F4B1E98B278BDFB200190607 /* NewsListMVVM.app */ = {isa = PBXFileReference; explicitFileType = wrapper.application; includeInIndex = 0; path = NewsListMVVM.app; sourceTree = BUILT_PRODUCTS_DIR; };
		F4B1E98E278BDFB200190607 /* AppDelegate.swift */ = {isa = PBXFileReference; lastKnownFileType = sourcecode.swift; path = AppDelegate.swift; sourceTree = "<group>"; };
		F4B1E990278BDFB200190607 /* SceneDelegate.swift */ = {isa = PBXFileReference; lastKnownFileType = sourcecode.swift; path = SceneDelegate.swift; sourceTree = "<group>"; };
		F4B1E992278BDFB200190607 /* ViewController.swift */ = {isa = PBXFileReference; lastKnownFileType = sourcecode.swift; path = ViewController.swift; sourceTree = "<group>"; };
		F4B1E995278BDFB200190607 /* Base */ = {isa = PBXFileReference; lastKnownFileType = file.storyboard; name = Base; path = Base.lproj/Main.storyboard; sourceTree = "<group>"; };
		F4B1E997278BDFB300190607 /* Assets.xcassets */ = {isa = PBXFileReference; lastKnownFileType = folder.assetcatalog; path = Assets.xcassets; sourceTree = "<group>"; };
		F4B1E99A278BDFB300190607 /* Base */ = {isa = PBXFileReference; lastKnownFileType = file.storyboard; name = Base; path = Base.lproj/LaunchScreen.storyboard; sourceTree = "<group>"; };
		F4B1E99C278BDFB300190607 /* Info.plist */ = {isa = PBXFileReference; lastKnownFileType = text.plist.xml; path = Info.plist; sourceTree = "<group>"; };
		F4B1E9A1278BDFB300190607 /* NewsListMVVMTests.xctest */ = {isa = PBXFileReference; explicitFileType = wrapper.cfbundle; includeInIndex = 0; path = NewsListMVVMTests.xctest; sourceTree = BUILT_PRODUCTS_DIR; };
		F4B1E9A5278BDFB300190607 /* NewsListMVVMTests.swift */ = {isa = PBXFileReference; lastKnownFileType = sourcecode.swift; path = NewsListMVVMTests.swift; sourceTree = "<group>"; };
		F4B1E9A7278BDFB300190607 /* Info.plist */ = {isa = PBXFileReference; lastKnownFileType = text.plist.xml; path = Info.plist; sourceTree = "<group>"; };
		F4B1E9AC278BDFB300190607 /* NewsListMVVMUITests.xctest */ = {isa = PBXFileReference; explicitFileType = wrapper.cfbundle; includeInIndex = 0; path = NewsListMVVMUITests.xctest; sourceTree = BUILT_PRODUCTS_DIR; };
		F4B1E9B0278BDFB300190607 /* NewsListMVVMUITests.swift */ = {isa = PBXFileReference; lastKnownFileType = sourcecode.swift; path = NewsListMVVMUITests.swift; sourceTree = "<group>"; };
		F4B1E9B2278BDFB300190607 /* Info.plist */ = {isa = PBXFileReference; lastKnownFileType = text.plist.xml; path = Info.plist; sourceTree = "<group>"; };
		F4B1E9C4278BE0EC00190607 /* WebServices.swift */ = {isa = PBXFileReference; lastKnownFileType = sourcecode.swift; path = WebServices.swift; sourceTree = "<group>"; };
		F4B1E9CC278BE1A900190607 /* NewsModel.swift */ = {isa = PBXFileReference; lastKnownFileType = sourcecode.swift; path = NewsModel.swift; sourceTree = "<group>"; };
/* End PBXFileReference section */

/* Begin PBXFrameworksBuildPhase section */
		F4B1E988278BDFB200190607 /* Frameworks */ = {
			isa = PBXFrameworksBuildPhase;
			buildActionMask = 2147483647;
			files = (
			);
			runOnlyForDeploymentPostprocessing = 0;
		};
		F4B1E99E278BDFB300190607 /* Frameworks */ = {
			isa = PBXFrameworksBuildPhase;
			buildActionMask = 2147483647;
			files = (
			);
			runOnlyForDeploymentPostprocessing = 0;
		};
		F4B1E9A9278BDFB300190607 /* Frameworks */ = {
			isa = PBXFrameworksBuildPhase;
			buildActionMask = 2147483647;
			files = (
			);
			runOnlyForDeploymentPostprocessing = 0;
		};
/* End PBXFrameworksBuildPhase section */

/* Begin PBXGroup section */
		F40A9030278BE3FD00104F78 /* ViewModel */ = {
			isa = PBXGroup;
			children = (
				F40A9031278BE42100104F78 /* NewsViewModel.swift */,
			);
			path = ViewModel;
			sourceTree = "<group>";
		};
		F40A9036278BE9CB00104F78 /* Cell */ = {
			isa = PBXGroup;
			children = (
				F40A9037278BE9E400104F78 /* NewsTableViewCell.swift */,
			);
			path = Cell;
			sourceTree = "<group>";
		};
		F4B1E982278BDFB200190607 = {
			isa = PBXGroup;
			children = (
				F4B1E98D278BDFB200190607 /* NewsListMVVM */,
				F4B1E9A4278BDFB300190607 /* NewsListMVVMTests */,
				F4B1E9AF278BDFB300190607 /* NewsListMVVMUITests */,
				F4B1E98C278BDFB200190607 /* Products */,
			);
			sourceTree = "<group>";
		};
		F4B1E98C278BDFB200190607 /* Products */ = {
			isa = PBXGroup;
			children = (
				F4B1E98B278BDFB200190607 /* NewsListMVVM.app */,
				F4B1E9A1278BDFB300190607 /* NewsListMVVMTests.xctest */,
				F4B1E9AC278BDFB300190607 /* NewsListMVVMUITests.xctest */,
			);
			name = Products;
			sourceTree = "<group>";
		};
		F4B1E98D278BDFB200190607 /* NewsListMVVM */ = {
			isa = PBXGroup;
			children = (
				F40A9036278BE9CB00104F78 /* Cell */,
				F40A9030278BE3FD00104F78 /* ViewModel */,
				F4B1E9C3278BE0DB00190607 /* Services */,
				F4B1E9C2278BE0CF00190607 /* Controller */,
				F4B1E9C1278BE0C800190607 /* Model */,
				F4B1E98E278BDFB200190607 /* AppDelegate.swift */,
				F4B1E990278BDFB200190607 /* SceneDelegate.swift */,
				F4B1E994278BDFB200190607 /* Main.storyboard */,
				F4B1E997278BDFB300190607 /* Assets.xcassets */,
				F4B1E999278BDFB300190607 /* LaunchScreen.storyboard */,
				F4B1E99C278BDFB300190607 /* Info.plist */,
			);
			path = NewsListMVVM;
			sourceTree = "<group>";
		};
		F4B1E9A4278BDFB300190607 /* NewsListMVVMTests */ = {
			isa = PBXGroup;
			children = (
				F4B1E9A5278BDFB300190607 /* NewsListMVVMTests.swift */,
				F4B1E9A7278BDFB300190607 /* Info.plist */,
			);
			path = NewsListMVVMTests;
			sourceTree = "<group>";
		};
		F4B1E9AF278BDFB300190607 /* NewsListMVVMUITests */ = {
			isa = PBXGroup;
			children = (
				F4B1E9B0278BDFB300190607 /* NewsListMVVMUITests.swift */,
				F4B1E9B2278BDFB300190607 /* Info.plist */,
			);
			path = NewsListMVVMUITests;
			sourceTree = "<group>";
		};
		F4B1E9C1278BE0C800190607 /* Model */ = {
			isa = PBXGroup;
			children = (
				F4B1E9CC278BE1A900190607 /* NewsModel.swift */,
			);
			path = Model;
			sourceTree = "<group>";
		};
		F4B1E9C2278BE0CF00190607 /* Controller */ = {
			isa = PBXGroup;
			children = (
				F4B1E992278BDFB200190607 /* ViewController.swift */,
			);
			path = Controller;
			sourceTree = "<group>";
		};
		F4B1E9C3278BE0DB00190607 /* Services */ = {
			isa = PBXGroup;
			children = (
				F4B1E9C4278BE0EC00190607 /* WebServices.swift */,
			);
			path = Services;
			sourceTree = "<group>";
		};
/* End PBXGroup section */

/* Begin PBXNativeTarget section */
		F4B1E98A278BDFB200190607 /* NewsListMVVM */ = {
			isa = PBXNativeTarget;
			buildConfigurationList = F4B1E9B5278BDFB300190607 /* Build configuration list for PBXNativeTarget "NewsListMVVM" */;
			buildPhases = (
				F4B1E987278BDFB200190607 /* Sources */,
				F4B1E988278BDFB200190607 /* Frameworks */,
				F4B1E989278BDFB200190607 /* Resources */,
			);
			buildRules = (
			);
			dependencies = (
			);
			name = NewsListMVVM;
			productName = NewsListMVVM;
			productReference = F4B1E98B278BDFB200190607 /* NewsListMVVM.app */;
			productType = "com.apple.product-type.application";
		};
		F4B1E9A0278BDFB300190607 /* NewsListMVVMTests */ = {
			isa = PBXNativeTarget;
			buildConfigurationList = F4B1E9B8278BDFB300190607 /* Build configuration list for PBXNativeTarget "NewsListMVVMTests" */;
			buildPhases = (
				F4B1E99D278BDFB300190607 /* Sources */,
				F4B1E99E278BDFB300190607 /* Frameworks */,
				F4B1E99F278BDFB300190607 /* Resources */,
			);
			buildRules = (
			);
			dependencies = (
				F4B1E9A3278BDFB300190607 /* PBXTargetDependency */,
			);
			name = NewsListMVVMTests;
			productName = NewsListMVVMTests;
			productReference = F4B1E9A1278BDFB300190607 /* NewsListMVVMTests.xctest */;
			productType = "com.apple.product-type.bundle.unit-test";
		};
		F4B1E9AB278BDFB300190607 /* NewsListMVVMUITests */ = {
			isa = PBXNativeTarget;
			buildConfigurationList = F4B1E9BB278BDFB300190607 /* Build configuration list for PBXNativeTarget "NewsListMVVMUITests" */;
			buildPhases = (
				F4B1E9A8278BDFB300190607 /* Sources */,
				F4B1E9A9278BDFB300190607 /* Frameworks */,
				F4B1E9AA278BDFB300190607 /* Resources */,
			);
			buildRules = (
			);
			dependencies = (
				F4B1E9AE278BDFB300190607 /* PBXTargetDependency */,
			);
			name = NewsListMVVMUITests;
			productName = NewsListMVVMUITests;
			productReference = F4B1E9AC278BDFB300190607 /* NewsListMVVMUITests.xctest */;
			productType = "com.apple.product-type.bundle.ui-testing";
		};
/* End PBXNativeTarget section */

/* Begin PBXProject section */
		F4B1E983278BDFB200190607 /* Project object */ = {
			isa = PBXProject;
			attributes = {
				LastSwiftUpdateCheck = 1240;
				LastUpgradeCheck = 1240;
				TargetAttributes = {
					F4B1E98A278BDFB200190607 = {
						CreatedOnToolsVersion = 12.4;
					};
					F4B1E9A0278BDFB300190607 = {
						CreatedOnToolsVersion = 12.4;
						TestTargetID = F4B1E98A278BDFB200190607;
					};
					F4B1E9AB278BDFB300190607 = {
						CreatedOnToolsVersion = 12.4;
						TestTargetID = F4B1E98A278BDFB200190607;
					};
				};
			};
			buildConfigurationList = F4B1E986278BDFB200190607 /* Build configuration list for PBXProject "NewsListMVVM" */;
			compatibilityVersion = "Xcode 9.3";
			developmentRegion = en;
			hasScannedForEncodings = 0;
			knownRegions = (
				en,
				Base,
			);
			mainGroup = F4B1E982278BDFB200190607;
			productRefGroup = F4B1E98C278BDFB200190607 /* Products */;
			projectDirPath = "";
			projectRoot = "";
			targets = (
				F4B1E98A278BDFB200190607 /* NewsListMVVM */,
				F4B1E9A0278BDFB300190607 /* NewsListMVVMTests */,
				F4B1E9AB278BDFB300190607 /* NewsListMVVMUITests */,
			);
		};
/* End PBXProject section */

/* Begin PBXResourcesBuildPhase section */
		F4B1E989278BDFB200190607 /* Resources */ = {
			isa = PBXResourcesBuildPhase;
			buildActionMask = 2147483647;
			files = (
				F4B1E99B278BDFB300190607 /* LaunchScreen.storyboard in Resources */,
				F4B1E998278BDFB300190607 /* Assets.xcassets in Resources */,
				F4B1E996278BDFB200190607 /* Main.storyboard in Resources */,
			);
			runOnlyForDeploymentPostprocessing = 0;
		};
		F4B1E99F278BDFB300190607 /* Resources */ = {
			isa = PBXResourcesBuildPhase;
			buildActionMask = 2147483647;
			files = (
			);
			runOnlyForDeploymentPostprocessing = 0;
		};
		F4B1E9AA278BDFB300190607 /* Resources */ = {
			isa = PBXResourcesBuildPhase;
			buildActionMask = 2147483647;
			files = (
			);
			runOnlyForDeploymentPostprocessing = 0;
		};
/* End PBXResourcesBuildPhase section */

/* Begin PBXSourcesBuildPhase section */
		F4B1E987278BDFB200190607 /* Sources */ = {
			isa = PBXSourcesBuildPhase;
			buildActionMask = 2147483647;
			files = (
				F4B1E993278BDFB200190607 /* ViewController.swift in Sources */,
				F40A9038278BE9E400104F78 /* NewsTableViewCell.swift in Sources */,
				F40A9032278BE42100104F78 /* NewsViewModel.swift in Sources */,
				F4B1E98F278BDFB200190607 /* AppDelegate.swift in Sources */,
				F4B1E9C5278BE0EC00190607 /* WebServices.swift in Sources */,
				F4B1E991278BDFB200190607 /* SceneDelegate.swift in Sources */,
				F4B1E9CD278BE1A900190607 /* NewsModel.swift in Sources */,
			);
			runOnlyForDeploymentPostprocessing = 0;
		};
		F4B1E99D278BDFB300190607 /* Sources */ = {
			isa = PBXSourcesBuildPhase;
			buildActionMask = 2147483647;
			files = (
				F4B1E9A6278BDFB300190607 /* NewsListMVVMTests.swift in Sources */,
			);
			runOnlyForDeploymentPostprocessing = 0;
		};
		F4B1E9A8278BDFB300190607 /* Sources */ = {
			isa = PBXSourcesBuildPhase;
			buildActionMask = 2147483647;
			files = (
				F4B1E9B1278BDFB300190607 /* NewsListMVVMUITests.swift in Sources */,
			);
			runOnlyForDeploymentPostprocessing = 0;
		};
/* End PBXSourcesBuildPhase section */

/* Begin PBXTargetDependency section */
		F4B1E9A3278BDFB300190607 /* PBXTargetDependency */ = {
			isa = PBXTargetDependency;
			target = F4B1E98A278BDFB200190607 /* NewsListMVVM */;
			targetProxy = F4B1E9A2278BDFB300190607 /* PBXContainerItemProxy */;
		};
		F4B1E9AE278BDFB300190607 /* PBXTargetDependency */ = {
			isa = PBXTargetDependency;
			target = F4B1E98A278BDFB200190607 /* NewsListMVVM */;
			targetProxy = F4B1E9AD278BDFB300190607 /* PBXContainerItemProxy */;
		};
/* End PBXTargetDependency section */

/* Begin PBXVariantGroup section */
		F4B1E994278BDFB200190607 /* Main.storyboard */ = {
			isa = PBXVariantGroup;
			children = (
				F4B1E995278BDFB200190607 /* Base */,
			);
			name = Main.storyboard;
			sourceTree = "<group>";
		};
		F4B1E999278BDFB300190607 /* LaunchScreen.storyboard */ = {
			isa = PBXVariantGroup;
			children = (
				F4B1E99A278BDFB300190607 /* Base */,
			);
			name = LaunchScreen.storyboard;
			sourceTree = "<group>";
		};
/* End PBXVariantGroup section */

/* Begin XCBuildConfiguration section */
		F4B1E9B3278BDFB300190607 /* Debug */ = {
			isa = XCBuildConfiguration;
			buildSettings = {
				ALWAYS_SEARCH_USER_PATHS = NO;
				CLANG_ANALYZER_NONNULL = YES;
				CLANG_ANALYZER_NUMBER_OBJECT_CONVERSION = YES_AGGRESSIVE;
				CLANG_CXX_LANGUAGE_STANDARD = "gnu++14";
				CLANG_CXX_LIBRARY = "libc++";
				CLANG_ENABLE_MODULES = YES;
				CLANG_ENABLE_OBJC_ARC = YES;
				CLANG_ENABLE_OBJC_WEAK = YES;
				CLANG_WARN_BLOCK_CAPTURE_AUTORELEASING = YES;
				CLANG_WARN_BOOL_CONVERSION = YES;
				CLANG_WARN_COMMA = YES;
				CLANG_WARN_CONSTANT_CONVERSION = YES;
				CLANG_WARN_DEPRECATED_OBJC_IMPLEMENTATIONS = YES;
				CLANG_WARN_DIRECT_OBJC_ISA_USAGE = YES_ERROR;
				CLANG_WARN_DOCUMENTATION_COMMENTS = YES;
				CLANG_WARN_EMPTY_BODY = YES;
				CLANG_WARN_ENUM_CONVERSION = YES;
				CLANG_WARN_INFINITE_RECURSION = YES;
				CLANG_WARN_INT_CONVERSION = YES;
				CLANG_WARN_NON_LITERAL_NULL_CONVERSION = YES;
				CLANG_WARN_OBJC_IMPLICIT_RETAIN_SELF = YES;
				CLANG_WARN_OBJC_LITERAL_CONVERSION = YES;
				CLANG_WARN_OBJC_ROOT_CLASS = YES_ERROR;
				CLANG_WARN_QUOTED_INCLUDE_IN_FRAMEWORK_HEADER = YES;
				CLANG_WARN_RANGE_LOOP_ANALYSIS = YES;
				CLANG_WARN_STRICT_PROTOTYPES = YES;
				CLANG_WARN_SUSPICIOUS_MOVE = YES;
				CLANG_WARN_UNGUARDED_AVAILABILITY = YES_AGGRESSIVE;
				CLANG_WARN_UNREACHABLE_CODE = YES;
				CLANG_WARN__DUPLICATE_METHOD_MATCH = YES;
				COPY_PHASE_STRIP = NO;
				DEBUG_INFORMATION_FORMAT = dwarf;
				ENABLE_STRICT_OBJC_MSGSEND = YES;
				ENABLE_TESTABILITY = YES;
				GCC_C_LANGUAGE_STANDARD = gnu11;
				GCC_DYNAMIC_NO_PIC = NO;
				GCC_NO_COMMON_BLOCKS = YES;
				GCC_OPTIMIZATION_LEVEL = 0;
				GCC_PREPROCESSOR_DEFINITIONS = (
					"DEBUG=1",
					"$(inherited)",
				);
				GCC_WARN_64_TO_32_BIT_CONVERSION = YES;
				GCC_WARN_ABOUT_RETURN_TYPE = YES_ERROR;
				GCC_WARN_UNDECLARED_SELECTOR = YES;
				GCC_WARN_UNINITIALIZED_AUTOS = YES_AGGRESSIVE;
				GCC_WARN_UNUSED_FUNCTION = YES;
				GCC_WARN_UNUSED_VARIABLE = YES;
				IPHONEOS_DEPLOYMENT_TARGET = 14.4;
				MTL_ENABLE_DEBUG_INFO = INCLUDE_SOURCE;
				MTL_FAST_MATH = YES;
				ONLY_ACTIVE_ARCH = YES;
				SDKROOT = iphoneos;
				SWIFT_ACTIVE_COMPILATION_CONDITIONS = DEBUG;
				SWIFT_OPTIMIZATION_LEVEL = "-Onone";
			};
			name = Debug;
		};
		F4B1E9B4278BDFB300190607 /* Release */ = {
			isa = XCBuildConfiguration;
			buildSettings = {
				ALWAYS_SEARCH_USER_PATHS = NO;
				CLANG_ANALYZER_NONNULL = YES;
				CLANG_ANALYZER_NUMBER_OBJECT_CONVERSION = YES_AGGRESSIVE;
				CLANG_CXX_LANGUAGE_STANDARD = "gnu++14";
				CLANG_CXX_LIBRARY = "libc++";
				CLANG_ENABLE_MODULES = YES;
				CLANG_ENABLE_OBJC_ARC = YES;
				CLANG_ENABLE_OBJC_WEAK = YES;
				CLANG_WARN_BLOCK_CAPTURE_AUTORELEASING = YES;
				CLANG_WARN_BOOL_CONVERSION = YES;
				CLANG_WARN_COMMA = YES;
				CLANG_WARN_CONSTANT_CONVERSION = YES;
				CLANG_WARN_DEPRECATED_OBJC_IMPLEMENTATIONS = YES;
				CLANG_WARN_DIRECT_OBJC_ISA_USAGE = YES_ERROR;
				CLANG_WARN_DOCUMENTATION_COMMENTS = YES;
				CLANG_WARN_EMPTY_BODY = YES;
				CLANG_WARN_ENUM_CONVERSION = YES;
				CLANG_WARN_INFINITE_RECURSION = YES;
				CLANG_WARN_INT_CONVERSION = YES;
				CLANG_WARN_NON_LITERAL_NULL_CONVERSION = YES;
				CLANG_WARN_OBJC_IMPLICIT_RETAIN_SELF = YES;
				CLANG_WARN_OBJC_LITERAL_CONVERSION = YES;
				CLANG_WARN_OBJC_ROOT_CLASS = YES_ERROR;
				CLANG_WARN_QUOTED_INCLUDE_IN_FRAMEWORK_HEADER = YES;
				CLANG_WARN_RANGE_LOOP_ANALYSIS = YES;
				CLANG_WARN_STRICT_PROTOTYPES = YES;
				CLANG_WARN_SUSPICIOUS_MOVE = YES;
				CLANG_WARN_UNGUARDED_AVAILABILITY = YES_AGGRESSIVE;
				CLANG_WARN_UNREACHABLE_CODE = YES;
				CLANG_WARN__DUPLICATE_METHOD_MATCH = YES;
				COPY_PHASE_STRIP = NO;
				DEBUG_INFORMATION_FORMAT = "dwarf-with-dsym";
				ENABLE_NS_ASSERTIONS = NO;
				ENABLE_STRICT_OBJC_MSGSEND = YES;
				GCC_C_LANGUAGE_STANDARD = gnu11;
				GCC_NO_COMMON_BLOCKS = YES;
				GCC_WARN_64_TO_32_BIT_CONVERSION = YES;
				GCC_WARN_ABOUT_RETURN_TYPE = YES_ERROR;
				GCC_WARN_UNDECLARED_SELECTOR = YES;
				GCC_WARN_UNINITIALIZED_AUTOS = YES_AGGRESSIVE;
				GCC_WARN_UNUSED_FUNCTION = YES;
				GCC_WARN_UNUSED_VARIABLE = YES;
				IPHONEOS_DEPLOYMENT_TARGET = 14.4;
				MTL_ENABLE_DEBUG_INFO = NO;
				MTL_FAST_MATH = YES;
				SDKROOT = iphoneos;
				SWIFT_COMPILATION_MODE = wholemodule;
				SWIFT_OPTIMIZATION_LEVEL = "-O";
				VALIDATE_PRODUCT = YES;
			};
			name = Release;
		};
		F4B1E9B6278BDFB300190607 /* Debug */ = {
			isa = XCBuildConfiguration;
			buildSettings = {
				ASSETCATALOG_COMPILER_APPICON_NAME = AppIcon;
				ASSETCATALOG_COMPILER_GLOBAL_ACCENT_COLOR_NAME = AccentColor;
				CODE_SIGN_STYLE = Automatic;
				DEVELOPMENT_TEAM = 47PZ8KX48S;
				INFOPLIST_FILE = NewsListMVVM/Info.plist;
				LD_RUNPATH_SEARCH_PATHS = (
					"$(inherited)",
					"@executable_path/Frameworks",
				);
				PRODUCT_BUNDLE_IDENTIFIER = Straviso.NewsListMVVM;
				PRODUCT_NAME = "$(TARGET_NAME)";
				SWIFT_VERSION = 5.0;
				TARGETED_DEVICE_FAMILY = "1,2";
			};
			name = Debug;
		};
		F4B1E9B7278BDFB300190607 /* Release */ = {
			isa = XCBuildConfiguration;
			buildSettings = {
				ASSETCATALOG_COMPILER_APPICON_NAME = AppIcon;
				ASSETCATALOG_COMPILER_GLOBAL_ACCENT_COLOR_NAME = AccentColor;
				CODE_SIGN_STYLE = Automatic;
				DEVELOPMENT_TEAM = 47PZ8KX48S;
				INFOPLIST_FILE = NewsListMVVM/Info.plist;
				LD_RUNPATH_SEARCH_PATHS = (
					"$(inherited)",
					"@executable_path/Frameworks",
				);
				PRODUCT_BUNDLE_IDENTIFIER = Straviso.NewsListMVVM;
				PRODUCT_NAME = "$(TARGET_NAME)";
				SWIFT_VERSION = 5.0;
				TARGETED_DEVICE_FAMILY = "1,2";
			};
			name = Release;
		};
		F4B1E9B9278BDFB300190607 /* Debug */ = {
			isa = XCBuildConfiguration;
			buildSettings = {
				ALWAYS_EMBED_SWIFT_STANDARD_LIBRARIES = YES;
				BUNDLE_LOADER = "$(TEST_HOST)";
				CODE_SIGN_STYLE = Automatic;
				DEVELOPMENT_TEAM = 47PZ8KX48S;
				INFOPLIST_FILE = NewsListMVVMTests/Info.plist;
				IPHONEOS_DEPLOYMENT_TARGET = 14.4;
				LD_RUNPATH_SEARCH_PATHS = (
					"$(inherited)",
					"@executable_path/Frameworks",
					"@loader_path/Frameworks",
				);
				PRODUCT_BUNDLE_IDENTIFIER = Straviso.NewsListMVVMTests;
				PRODUCT_NAME = "$(TARGET_NAME)";
				SWIFT_VERSION = 5.0;
				TARGETED_DEVICE_FAMILY = "1,2";
				TEST_HOST = "$(BUILT_PRODUCTS_DIR)/NewsListMVVM.app/NewsListMVVM";
			};
			name = Debug;
		};
		F4B1E9BA278BDFB300190607 /* Release */ = {
			isa = XCBuildConfiguration;
			buildSettings = {
				ALWAYS_EMBED_SWIFT_STANDARD_LIBRARIES = YES;
				BUNDLE_LOADER = "$(TEST_HOST)";
				CODE_SIGN_STYLE = Automatic;
				DEVELOPMENT_TEAM = 47PZ8KX48S;
				INFOPLIST_FILE = NewsListMVVMTests/Info.plist;
				IPHONEOS_DEPLOYMENT_TARGET = 14.4;
				LD_RUNPATH_SEARCH_PATHS = (
					"$(inherited)",
					"@executable_path/Frameworks",
					"@loader_path/Frameworks",
				);
				PRODUCT_BUNDLE_IDENTIFIER = Straviso.NewsListMVVMTests;
				PRODUCT_NAME = "$(TARGET_NAME)";
				SWIFT_VERSION = 5.0;
				TARGETED_DEVICE_FAMILY = "1,2";
				TEST_HOST = "$(BUILT_PRODUCTS_DIR)/NewsListMVVM.app/NewsListMVVM";
			};
			name = Release;
		};
		F4B1E9BC278BDFB300190607 /* Debug */ = {
			isa = XCBuildConfiguration;
			buildSettings = {
				ALWAYS_EMBED_SWIFT_STANDARD_LIBRARIES = YES;
				CODE_SIGN_STYLE = Automatic;
				DEVELOPMENT_TEAM = 47PZ8KX48S;
				INFOPLIST_FILE = NewsListMVVMUITests/Info.plist;
				LD_RUNPATH_SEARCH_PATHS = (
					"$(inherited)",
					"@executable_path/Frameworks",
					"@loader_path/Frameworks",
				);
				PRODUCT_BUNDLE_IDENTIFIER = Straviso.NewsListMVVMUITests;
				PRODUCT_NAME = "$(TARGET_NAME)";
				SWIFT_VERSION = 5.0;
				TARGETED_DEVICE_FAMILY = "1,2";
				TEST_TARGET_NAME = NewsListMVVM;
			};
			name = Debug;
		};
		F4B1E9BD278BDFB300190607 /* Release */ = {
			isa = XCBuildConfiguration;
			buildSettings = {
				ALWAYS_EMBED_SWIFT_STANDARD_LIBRARIES = YES;
				CODE_SIGN_STYLE = Automatic;
				DEVELOPMENT_TEAM = 47PZ8KX48S;
				INFOPLIST_FILE = NewsListMVVMUITests/Info.plist;
				LD_RUNPATH_SEARCH_PATHS = (
					"$(inherited)",
					"@executable_path/Frameworks",
					"@loader_path/Frameworks",
				);
				PRODUCT_BUNDLE_IDENTIFIER = Straviso.NewsListMVVMUITests;
				PRODUCT_NAME = "$(TARGET_NAME)";
				SWIFT_VERSION = 5.0;
				TARGETED_DEVICE_FAMILY = "1,2";
				TEST_TARGET_NAME = NewsListMVVM;
			};
			name = Release;
		};
/* End XCBuildConfiguration section */

/* Begin XCConfigurationList section */
		F4B1E986278BDFB200190607 /* Build configuration list for PBXProject "NewsListMVVM" */ = {
			isa = XCConfigurationList;
			buildConfigurations = (
				F4B1E9B3278BDFB300190607 /* Debug */,
				F4B1E9B4278BDFB300190607 /* Release */,
			);
			defaultConfigurationIsVisible = 0;
			defaultConfigurationName = Release;
		};
		F4B1E9B5278BDFB300190607 /* Build configuration list for PBXNativeTarget "NewsListMVVM" */ = {
			isa = XCConfigurationList;
			buildConfigurations = (
				F4B1E9B6278BDFB300190607 /* Debug */,
				F4B1E9B7278BDFB300190607 /* Release */,
			);
			defaultConfigurationIsVisible = 0;
			defaultConfigurationName = Release;
		};
		F4B1E9B8278BDFB300190607 /* Build configuration list for PBXNativeTarget "NewsListMVVMTests" */ = {
			isa = XCConfigurationList;
			buildConfigurations = (
				F4B1E9B9278BDFB300190607 /* Debug */,
				F4B1E9BA278BDFB300190607 /* Release */,
			);
			defaultConfigurationIsVisible = 0;
			defaultConfigurationName = Release;
		};
		F4B1E9BB278BDFB300190607 /* Build configuration list for PBXNativeTarget "NewsListMVVMUITests" */ = {
			isa = XCConfigurationList;
			buildConfigurations = (
				F4B1E9BC278BDFB300190607 /* Debug */,
				F4B1E9BD278BDFB300190607 /* Release */,
			);
			defaultConfigurationIsVisible = 0;
			defaultConfigurationName = Release;
		};
/* End XCConfigurationList section */
	};
	rootObject = F4B1E983278BDFB200190607 /* Project object */;
}
